
Microsoft Visual Studio Solution File, Format Version 12.00
# Visual Studio 14
VisualStudioVersion = 14.0.25420.1
MinimumVisualStudioVersion = 10.0.40219.1
Project("{FAE04EC0-301F-11D3-BF4B-00C04F79EFBC}") = "OrangedataRequest", "OrangedataRequest.csproj", "{BA2FFBCD-A6F4-4FD2-8F01-12E3EE2A093C}"
EndProject
Project("{FAE04EC0-301F-11D3-BF4B-00C04F79EFBC}") = "OrangedataRequest.Example", "..\OrangedataRequest.Example\OrangedataRequest.Example.csproj", "{B49B0D5C-C6B2-4B4A-8B61-F5742A375926}"
EndProject
Global
	GlobalSection(SolutionConfigurationPlatforms) = preSolution
		Debug|Any CPU = Debug|Any CPU
		Release|Any CPU = Release|Any CPU
	EndGlobalSection
	GlobalSection(ProjectConfigurationPlatforms) = postSolution
		{BA2FFBCD-A6F4-4FD2-8F01-12E3EE2A093C}.Debug|Any CPU.ActiveCfg = Debug|Any CPU
		{BA2FFBCD-A6F4-4FD2-8F01-12E3EE2A093C}.Debug|Any CPU.Build.0 = Debug|Any CPU
		{BA2FFBCD-A6F4-4FD2-8F01-12E3EE2A093C}.Release|Any CPU.ActiveCfg = Release|Any CPU
		{BA2FFBCD-A6F4-4FD2-8F01-12E3EE2A093C}.Release|Any CPU.Build.0 = Release|Any CPU
		{B49B0D5C-C6B2-4B4A-8B61-F5742A375926}.Debug|Any CPU.ActiveCfg = Debug|Any CPU
		{B49B0D5C-C6B2-4B4A-8B61-F5742A375926}.Debug|Any CPU.Build.0 = Debug|Any CPU
		{B49B0D5C-C6B2-4B4A-8B61-F5742A375926}.Release|Any CPU.ActiveCfg = Release|Any CPU
		{B49B0D5C-C6B2-4B4A-8B61-F5742A375926}.Release|Any CPU.Build.0 = Release|Any CPU
	EndGlobalSection
	GlobalSection(SolutionProperties) = preSolution
		HideSolutionNode = FALSE
	EndGlobalSection
EndGlobal
